PODS:
  - Contentstack (3.15.0)
  - Kingfisher (8.5.0)
  - NVActivityIndicatorView (5.2.0):
    - NVActivityIndicatorView/Base (= 5.2.0)
  - NVActivityIndicatorView/Base (5.2.0)

DEPENDENCIES:
  - Contentstack (~> 3.15.0)
  - Kingfisher (~> 8.5.0)
  - NVActivityIndicatorView (~> 5.2.0)

SPEC REPOS:
  https://github.com/CocoaPods/Specs.git:
    - Contentstack
    - Kingfisher
    - NVActivityIndicatorView

SPEC CHECKSUMS:
  Contentstack: 2f82e64408036f33d9b561e65cd5c359943362fa
  Kingfisher: ff0d31a1f07bdff6a1ebb3ba08b8e6e567b6500c
  NVActivityIndicatorView: fe52a6a68664c2df8991d7d9e3d86d8d19453c53

PODFILE CHECKSUM: 83aa797e71758f068a5c2d8bfddeec8b600e21b1

COCOAPODS: 1.16.2
