PODS:
  - Contentstack (3.3.0)
  - Kingfisher (4.10.1)
  - NVActivityIndicatorView (4.4.1):
    - NVActivityIndicatorView/Presenter (= 4.4.1)
  - NVActivityIndicatorView/Presenter (4.4.1)

DEPENDENCIES:
  - Contentstack
  - Kingfisher (~> 4.10.0)
  - NVActivityIndicatorView (~> 4.4.0)

SPEC REPOS:
  https://github.com/CocoaPods/Specs.git:
    - Contentstack
    - Kingfisher
    - NVActivityIndicatorView

SPEC CHECKSUMS:
  Contentstack: 297c5cfd221d0463b8f86093682dcfb04fe14f79
  Kingfisher: c148cd7b47ebde9989f6bc7c27dcaa79d81279a0
  NVActivityIndicatorView: f0a6b0ed2973d9544da268f4eb76696f0a9577b0

PODFILE CHECKSUM: 167accf92a360532794d3bb3f85ea117dacc1880

COCOAPODS: 1.16.2
