PODS:
  - Contentstack (3.3.0)
  - Kingfisher (3.10.4)
  - NVActivityIndicatorView (3.6.1)

DEPENDENCIES:
  - Contentstack
  - Kingfisher (~> 3.10.2)
  - NVActivityIndicatorView (= 3.6.1)

SPEC CHECKSUMS:
  Contentstack: 297c5cfd221d0463b8f86093682dcfb04fe14f79
  Kingfisher: dc3a4983e86d2dfa89513664983a82340c11a289
  NVActivityIndicatorView: 9f52a7f84bf5c6a798722c450fe3c198e01c56ed

PODFILE CHECKSUM: 3fc86631abb8503c9b636e888d10cb31aabcedaa

COCOAPODS: 1.3.1
